
Microsoft Visual Studio Solution File, Format Version 12.00
# Visual Studio Version 16
VisualStudioVersion = 16.0.30104.148
MinimumVisualStudioVersion = 10.0.40219.1
Project("{FAE04EC0-301F-11D3-BF4B-00C04F79EFBC}") = "Mstock(27.05.2020)", "Mstock(27.05.2020).csproj", "{8B9DB6EF-DBC0-48F0-9AC3-3A1F4FB361B6}"
EndProject
Global
	GlobalSection(SolutionConfigurationPlatforms) = preSolution
		Debug|Any CPU = Debug|Any CPU
		Release|Any CPU = Release|Any CPU
	EndGlobalSection
	GlobalSection(ProjectConfigurationPlatforms) = postSolution
		{8B9DB6EF-DBC0-48F0-9AC3-3A1F4FB361B6}.Debug|Any CPU.ActiveCfg = Debug|Any CPU
		{8B9DB6EF-DBC0-48F0-9AC3-3A1F4FB361B6}.Debug|Any CPU.Build.0 = Debug|Any CPU
		{8B9DB6EF-DBC0-48F0-9AC3-3A1F4FB361B6}.Release|Any CPU.ActiveCfg = Release|Any CPU
		{8B9DB6EF-DBC0-48F0-9AC3-3A1F4FB361B6}.Release|Any CPU.Build.0 = Release|Any CPU
	EndGlobalSection
	GlobalSection(SolutionProperties) = preSolution
		HideSolutionNode = FALSE
	EndGlobalSection
	GlobalSection(ExtensibilityGlobals) = postSolution
		SolutionGuid = {BD869B26-4DA2-4960-B5EE-9C92143F43CA}
	EndGlobalSection
EndGlobal
